// !$*UTF8*$!
{
	archiveVersion = 1;
	classes = {
	};
	objectVersion = 50;
	objects = {

/* Begin PBXBuildFile section */
		4F26C7D9251E39D400050C2A /* Field.mm in Sources */ = {isa = PBXBuildFile; fileRef = 4F26C7D3251E39D400050C2A /* Field.mm */; };
		4F26C7E7251E3AB800050C2A /* Wrapper.mm in Sources */ = {isa = PBXBuildFile; fileRef = 4F26C7E6251E3AB800050C2A /* Wrapper.mm */; };
		4F26C7EE251E439700050C2A /* Thread.cpp in Sources */ = {isa = PBXBuildFile; fileRef = 4F26C7EC251E439700050C2A /* Thread.cpp */; };
		4F26C7F4251E43A400050C2A /* Engine.cpp in Sources */ = {isa = PBXBuildFile; fileRef = 4F26C7F0251E43A400050C2A /* Engine.cpp */; };
		4F26C7F8251E43AE00050C2A /* Global.cpp in Sources */ = {isa = PBXBuildFile; fileRef = 4F26C7F7251E43AE00050C2A /* Global.cpp */; };
		4F26C7FF251E43BD00050C2A /* main.m in Sources */ = {isa = PBXBuildFile; fileRef = 4F26C7FB251E43BD00050C2A /* main.m */; };
		4F26C801251E43BD00050C2A /* magicmoves.c in Sources */ = {isa = PBXBuildFile; fileRef = 4F26C7FE251E43BD00050C2A /* magicmoves.c */; };
		4F5EC974251D277C00EF69F0 /* AppDelegate.mm in Sources */ = {isa = PBXBuildFile; fileRef = 4F5EC973251D277C00EF69F0 /* AppDelegate.mm */; };
		4F5EC979251D277E00EF69F0 /* MainMenu.xib in Resources */ = {isa = PBXBuildFile; fileRef = 4F5EC977251D277E00EF69F0 /* MainMenu.xib */; };
		4F5EC97C251D277E00EF69F0 /* main.m in Sources */ = {isa = PBXBuildFile; fileRef = 4F5EC97B251D277E00EF69F0 /* main.m */; };
		4F5EC989251D379D00EF69F0 /* pieces in Resources */ = {isa = PBXBuildFile; fileRef = 4F5EC988251D379D00EF69F0 /* pieces */; };
		4F5EC999251D39CD00EF69F0 /* Media.xcassets in Resources */ = {isa = PBXBuildFile; fileRef = 4F5EC998251D39CD00EF69F0 /* Media.xcassets */; };
/* End PBXBuildFile section */

/* Begin PBXFileReference section */
		4F26C7D0251E39D400050C2A /* Field.h */ = {isa = PBXFileReference; lastKnownFileType = sourcecode.c.h; path = Field.h; sourceTree = "<group>"; };
		4F26C7D3251E39D400050C2A /* Field.mm */ = {isa = PBXFileReference; lastKnownFileType = sourcecode.cpp.objcpp; path = Field.mm; sourceTree = "<group>"; };
		4F26C7E5251E3AB800050C2A /* Wrapper.h */ = {isa = PBXFileReference; lastKnownFileType = sourcecode.c.h; path = Wrapper.h; sourceTree = "<group>"; };
		4F26C7E6251E3AB800050C2A /* Wrapper.mm */ = {isa = PBXFileReference; lastKnownFileType = sourcecode.cpp.objcpp; path = Wrapper.mm; sourceTree = "<group>"; };
		4F26C7EB251E439700050C2A /* Thread.h */ = {isa = PBXFileReference; fileEncoding = 4; lastKnownFileType = sourcecode.c.h; name = Thread.h; path = SwanUI/Thread.h; sourceTree = SOURCE_ROOT; };
		4F26C7EC251E439700050C2A /* Thread.cpp */ = {isa = PBXFileReference; fileEncoding = 4; lastKnownFileType = sourcecode.cpp.cpp; name = Thread.cpp; path = SwanUI/Thread.cpp; sourceTree = SOURCE_ROOT; };
		4F26C7ED251E439700050C2A /* Types.h */ = {isa = PBXFileReference; fileEncoding = 4; lastKnownFileType = sourcecode.c.h; name = Types.h; path = SwanUI/Types.h; sourceTree = SOURCE_ROOT; };
		4F26C7F0251E43A400050C2A /* Engine.cpp */ = {isa = PBXFileReference; fileEncoding = 4; lastKnownFileType = sourcecode.cpp.cpp; name = Engine.cpp; path = SwanUI/Engine.cpp; sourceTree = SOURCE_ROOT; };
		4F26C7F1251E43A400050C2A /* extension.h */ = {isa = PBXFileReference; fileEncoding = 4; lastKnownFileType = sourcecode.c.h; name = extension.h; path = SwanUI/extension.h; sourceTree = SOURCE_ROOT; };
		4F26C7F2251E43A400050C2A /* Engine.h */ = {isa = PBXFileReference; fileEncoding = 4; lastKnownFileType = sourcecode.c.h; name = Engine.h; path = SwanUI/Engine.h; sourceTree = SOURCE_ROOT; };
		4F26C7F3251E43A400050C2A /* Board.h */ = {isa = PBXFileReference; fileEncoding = 4; lastKnownFileType = sourcecode.c.h; name = Board.h; path = SwanUI/Board.h; sourceTree = SOURCE_ROOT; };
		4F26C7F6251E43AE00050C2A /* Global.h */ = {isa = PBXFileReference; fileEncoding = 4; lastKnownFileType = sourcecode.c.h; name = Global.h; path = SwanUI/Global.h; sourceTree = SOURCE_ROOT; };
		4F26C7F7251E43AE00050C2A /* Global.cpp */ = {isa = PBXFileReference; fileEncoding = 4; lastKnownFileType = sourcecode.cpp.cpp; name = Global.cpp; path = SwanUI/Global.cpp; sourceTree = SOURCE_ROOT; };
		4F26C7FA251E43B300050C2A /* Log.h */ = {isa = PBXFileReference; lastKnownFileType = sourcecode.c.h; name = Log.h; path = SwanUI/Log.h; sourceTree = SOURCE_ROOT; };
		4F26C7FB251E43BD00050C2A /* main.m */ = {isa = PBXFileReference; fileEncoding = 4; lastKnownFileType = sourcecode.c.objc; name = main.m; path = SwanUI/main.m; sourceTree = SOURCE_ROOT; };
		4F26C7FC251E43BD00050C2A /* main.cpp */ = {isa = PBXFileReference; fileEncoding = 4; lastKnownFileType = sourcecode.cpp.cpp; name = main.cpp; path = SwanUI/main.cpp; sourceTree = SOURCE_ROOT; };
		4F26C7FD251E43BD00050C2A /* magicmoves.h */ = {isa = PBXFileReference; fileEncoding = 4; lastKnownFileType = sourcecode.c.h; name = magicmoves.h; path = SwanUI/magicmoves.h; sourceTree = SOURCE_ROOT; };
		4F26C7FE251E43BD00050C2A /* magicmoves.c */ = {isa = PBXFileReference; fileEncoding = 4; lastKnownFileType = sourcecode.c.c; name = magicmoves.c; path = SwanUI/magicmoves.c; sourceTree = SOURCE_ROOT; };
		4F5EC96F251D277C00EF69F0 /* SwanUI.app */ = {isa = PBXFileReference; explicitFileType = wrapper.application; includeInIndex = 0; path = SwanUI.app; sourceTree = BUILT_PRODUCTS_DIR; };
		4F5EC972251D277C00EF69F0 /* AppDelegate.h */ = {isa = PBXFileReference; lastKnownFileType = sourcecode.c.h; path = AppDelegate.h; sourceTree = "<group>"; };
		4F5EC973251D277C00EF69F0 /* AppDelegate.mm */ = {isa = PBXFileReference; lastKnownFileType = sourcecode.cpp.objcpp; path = AppDelegate.mm; sourceTree = "<group>"; };
		4F5EC978251D277E00EF69F0 /* Base */ = {isa = PBXFileReference; lastKnownFileType = file.xib; name = Base; path = Base.lproj/MainMenu.xib; sourceTree = "<group>"; };
		4F5EC97A251D277E00EF69F0 /* Info.plist */ = {isa = PBXFileReference; lastKnownFileType = text.plist.xml; path = Info.plist; sourceTree = "<group>"; };
		4F5EC97B251D277E00EF69F0 /* main.m */ = {isa = PBXFileReference; lastKnownFileType = sourcecode.c.objc; path = main.m; sourceTree = "<group>"; };
		4F5EC97D251D277E00EF69F0 /* SwanUI.entitlements */ = {isa = PBXFileReference; lastKnownFileType = text.plist.entitlements; path = SwanUI.entitlements; sourceTree = "<group>"; };
		4F5EC988251D379D00EF69F0 /* pieces */ = {isa = PBXFileReference; lastKnownFileType = folder; path = pieces; sourceTree = "<group>"; };
		4F5EC998251D39CD00EF69F0 /* Media.xcassets */ = {isa = PBXFileReference; lastKnownFileType = folder.assetcatalog; path = Media.xcassets; sourceTree = "<group>"; };
/* End PBXFileReference section */

/* Begin PBXFrameworksBuildPhase section */
		4F5EC96C251D277C00EF69F0 /* Frameworks */ = {
			isa = PBXFrameworksBuildPhase;
			buildActionMask = 2147483647;
			files = (
			);
			runOnlyForDeploymentPostprocessing = 0;
		};
/* End PBXFrameworksBuildPhase section */

/* Begin PBXGroup section */
		4F487CCC251F1EF0006C2901 /* Engine */ = {
			isa = PBXGroup;
			children = (
				4F26C7FE251E43BD00050C2A /* magicmoves.c */,
				4F26C7FD251E43BD00050C2A /* magicmoves.h */,
				4F26C7FC251E43BD00050C2A /* main.cpp */,
				4F26C7FB251E43BD00050C2A /* main.m */,
				4F26C7FA251E43B300050C2A /* Log.h */,
				4F26C7F7251E43AE00050C2A /* Global.cpp */,
				4F26C7F6251E43AE00050C2A /* Global.h */,
				4F26C7F3251E43A400050C2A /* Board.h */,
				4F26C7F0251E43A400050C2A /* Engine.cpp */,
				4F26C7F2251E43A400050C2A /* Engine.h */,
				4F26C7F1251E43A400050C2A /* extension.h */,
				4F26C7EC251E439700050C2A /* Thread.cpp */,
				4F26C7EB251E439700050C2A /* Thread.h */,
				4F26C7ED251E439700050C2A /* Types.h */,
			);
			name = Engine;
			sourceTree = "<group>";
		};
		4F5EC966251D277C00EF69F0 = {
			isa = PBXGroup;
			children = (
				4F5EC971251D277C00EF69F0 /* SwanUI */,
				4F5EC970251D277C00EF69F0 /* Products */,
			);
			sourceTree = "<group>";
		};
		4F5EC970251D277C00EF69F0 /* Products */ = {
			isa = PBXGroup;
			children = (
				4F5EC96F251D277C00EF69F0 /* SwanUI.app */,
			);
			name = Products;
			sourceTree = "<group>";
		};
		4F5EC971251D277C00EF69F0 /* SwanUI */ = {
			isa = PBXGroup;
			children = (
				4F487CCC251F1EF0006C2901 /* Engine */,
				4F5EC988251D379D00EF69F0 /* pieces */,
				4F5EC972251D277C00EF69F0 /* AppDelegate.h */,
				4F5EC973251D277C00EF69F0 /* AppDelegate.mm */,
				4F26C7E5251E3AB800050C2A /* Wrapper.h */,
				4F26C7E6251E3AB800050C2A /* Wrapper.mm */,
				4F5EC977251D277E00EF69F0 /* MainMenu.xib */,
				4F5EC97A251D277E00EF69F0 /* Info.plist */,
				4F5EC97B251D277E00EF69F0 /* main.m */,
				4F26C7D0251E39D400050C2A /* Field.h */,
				4F26C7D3251E39D400050C2A /* Field.mm */,
				4F5EC97D251D277E00EF69F0 /* SwanUI.entitlements */,
				4F5EC998251D39CD00EF69F0 /* Media.xcassets */,
			);
			path = SwanUI;
			sourceTree = "<group>";
		};
/* End PBXGroup section */

/* Begin PBXNativeTarget section */
		4F5EC96E251D277C00EF69F0 /* SwanUI */ = {
			isa = PBXNativeTarget;
			buildConfigurationList = 4F5EC980251D277E00EF69F0 /* Build configuration list for PBXNativeTarget "SwanUI" */;
			buildPhases = (
				4F5EC96B251D277C00EF69F0 /* Sources */,
				4F5EC96C251D277C00EF69F0 /* Frameworks */,
				4F5EC96D251D277C00EF69F0 /* Resources */,
			);
			buildRules = (
			);
			dependencies = (
			);
			name = SwanUI;
			productName = SwanUI;
			productReference = 4F5EC96F251D277C00EF69F0 /* SwanUI.app */;
			productType = "com.apple.product-type.application";
		};
/* End PBXNativeTarget section */

/* Begin PBXProject section */
		4F5EC967251D277C00EF69F0 /* Project object */ = {
			isa = PBXProject;
			attributes = {
				LastUpgradeCheck = 1200;
				TargetAttributes = {
					4F5EC96E251D277C00EF69F0 = {
						CreatedOnToolsVersion = 12.0;
					};
				};
			};
			buildConfigurationList = 4F5EC96A251D277C00EF69F0 /* Build configuration list for PBXProject "SwanUI" */;
			compatibilityVersion = "Xcode 9.3";
			developmentRegion = en;
			hasScannedForEncodings = 0;
			knownRegions = (
				en,
				Base,
			);
			mainGroup = 4F5EC966251D277C00EF69F0;
			productRefGroup = 4F5EC970251D277C00EF69F0 /* Products */;
			projectDirPath = "";
			projectRoot = "";
			targets = (
				4F5EC96E251D277C00EF69F0 /* SwanUI */,
			);
		};
/* End PBXProject section */

/* Begin PBXResourcesBuildPhase section */
		4F5EC96D251D277C00EF69F0 /* Resources */ = {
			isa = PBXResourcesBuildPhase;
			buildActionMask = 2147483647;
			files = (
				4F5EC989251D379D00EF69F0 /* pieces in Resources */,
				4F5EC999251D39CD00EF69F0 /* Media.xcassets in Resources */,
				4F5EC979251D277E00EF69F0 /* MainMenu.xib in Resources */,
			);
			runOnlyForDeploymentPostprocessing = 0;
		};
/* End PBXResourcesBuildPhase section */

/* Begin PBXSourcesBuildPhase section */
		4F5EC96B251D277C00EF69F0 /* Sources */ = {
			isa = PBXSourcesBuildPhase;
			buildActionMask = 2147483647;
			files = (
				4F26C7D9251E39D400050C2A /* Field.mm in Sources */,
				4F26C7F4251E43A400050C2A /* Engine.cpp in Sources */,
				4F26C7F8251E43AE00050C2A /* Global.cpp in Sources */,
				4F26C7E7251E3AB800050C2A /* Wrapper.mm in Sources */,
				4F5EC97C251D277E00EF69F0 /* main.m in Sources */,
				4F26C7EE251E439700050C2A /* Thread.cpp in Sources */,
				4F26C7FF251E43BD00050C2A /* main.m in Sources */,
				4F26C801251E43BD00050C2A /* magicmoves.c in Sources */,
				4F5EC974251D277C00EF69F0 /* AppDelegate.mm in Sources */,
			);
			runOnlyForDeploymentPostprocessing = 0;
		};
/* End PBXSourcesBuildPhase section */

/* Begin PBXVariantGroup section */
		4F5EC977251D277E00EF69F0 /* MainMenu.xib */ = {
			isa = PBXVariantGroup;
			children = (
				4F5EC978251D277E00EF69F0 /* Base */,
			);
			name = MainMenu.xib;
			sourceTree = "<group>";
		};
/* End PBXVariantGroup section */

/* Begin XCBuildConfiguration section */
		4F5EC97E251D277E00EF69F0 /* Debug */ = {
			isa = XCBuildConfiguration;
			buildSettings = {
				ALWAYS_SEARCH_USER_PATHS = NO;
				CLANG_ANALYZER_NONNULL = YES;
				CLANG_ANALYZER_NUMBER_OBJECT_CONVERSION = YES_AGGRESSIVE;
				CLANG_CXX_LANGUAGE_STANDARD = "gnu++14";
				CLANG_CXX_LIBRARY = "libc++";
				CLANG_ENABLE_MODULES = YES;
				CLANG_ENABLE_OBJC_ARC = YES;
				CLANG_ENABLE_OBJC_WEAK = YES;
				CLANG_WARN_BLOCK_CAPTURE_AUTORELEASING = YES;
				CLANG_WARN_BOOL_CONVERSION = YES;
				CLANG_WARN_COMMA = YES;
				CLANG_WARN_CONSTANT_CONVERSION = YES;
				CLANG_WARN_DEPRECATED_OBJC_IMPLEMENTATIONS = YES;
				CLANG_WARN_DIRECT_OBJC_ISA_USAGE = YES_ERROR;
				CLANG_WARN_DOCUMENTATION_COMMENTS = YES;
				CLANG_WARN_EMPTY_BODY = YES;
				CLANG_WARN_ENUM_CONVERSION = YES;
				CLANG_WARN_INFINITE_RECURSION = YES;
				CLANG_WARN_INT_CONVERSION = YES;
				CLANG_WARN_NON_LITERAL_NULL_CONVERSION = YES;
				CLANG_WARN_OBJC_IMPLICIT_RETAIN_SELF = YES;
				CLANG_WARN_OBJC_LITERAL_CONVERSION = YES;
				CLANG_WARN_OBJC_ROOT_CLASS = YES_ERROR;
				CLANG_WARN_QUOTED_INCLUDE_IN_FRAMEWORK_HEADER = YES;
				CLANG_WARN_RANGE_LOOP_ANALYSIS = YES;
				CLANG_WARN_STRICT_PROTOTYPES = YES;
				CLANG_WARN_SUSPICIOUS_MOVE = YES;
				CLANG_WARN_UNGUARDED_AVAILABILITY = YES_AGGRESSIVE;
				CLANG_WARN_UNREACHABLE_CODE = YES;
				CLANG_WARN__DUPLICATE_METHOD_MATCH = YES;
				COPY_PHASE_STRIP = NO;
				DEBUG_INFORMATION_FORMAT = dwarf;
				ENABLE_STRICT_OBJC_MSGSEND = YES;
				ENABLE_TESTABILITY = YES;
				GCC_C_LANGUAGE_STANDARD = gnu11;
				GCC_DYNAMIC_NO_PIC = NO;
				GCC_NO_COMMON_BLOCKS = YES;
				GCC_OPTIMIZATION_LEVEL = 0;
				GCC_PREPROCESSOR_DEFINITIONS = (
					"DEBUG=1",
					"$(inherited)",
				);
				GCC_WARN_64_TO_32_BIT_CONVERSION = YES;
				GCC_WARN_ABOUT_RETURN_TYPE = YES_ERROR;
				GCC_WARN_UNDECLARED_SELECTOR = YES;
				GCC_WARN_UNINITIALIZED_AUTOS = YES_AGGRESSIVE;
				GCC_WARN_UNUSED_FUNCTION = YES;
				GCC_WARN_UNUSED_VARIABLE = YES;
				MACOSX_DEPLOYMENT_TARGET = 10.15;
				MTL_ENABLE_DEBUG_INFO = INCLUDE_SOURCE;
				MTL_FAST_MATH = YES;
				ONLY_ACTIVE_ARCH = YES;
				SDKROOT = macosx;
			};
			name = Debug;
		};
		4F5EC97F251D277E00EF69F0 /* Release */ = {
			isa = XCBuildConfiguration;
			buildSettings = {
				ALWAYS_SEARCH_USER_PATHS = NO;
				CLANG_ANALYZER_NONNULL = YES;
				CLANG_ANALYZER_NUMBER_OBJECT_CONVERSION = YES_AGGRESSIVE;
				CLANG_CXX_LANGUAGE_STANDARD = "gnu++14";
				CLANG_CXX_LIBRARY = "libc++";
				CLANG_ENABLE_MODULES = YES;
				CLANG_ENABLE_OBJC_ARC = YES;
				CLANG_ENABLE_OBJC_WEAK = YES;
				CLANG_WARN_BLOCK_CAPTURE_AUTORELEASING = YES;
				CLANG_WARN_BOOL_CONVERSION = YES;
				CLANG_WARN_COMMA = YES;
				CLANG_WARN_CONSTANT_CONVERSION = YES;
				CLANG_WARN_DEPRECATED_OBJC_IMPLEMENTATIONS = YES;
				CLANG_WARN_DIRECT_OBJC_ISA_USAGE = YES_ERROR;
				CLANG_WARN_DOCUMENTATION_COMMENTS = YES;
				CLANG_WARN_EMPTY_BODY = YES;
				CLANG_WARN_ENUM_CONVERSION = YES;
				CLANG_WARN_INFINITE_RECURSION = YES;
				CLANG_WARN_INT_CONVERSION = YES;
				CLANG_WARN_NON_LITERAL_NULL_CONVERSION = YES;
				CLANG_WARN_OBJC_IMPLICIT_RETAIN_SELF = YES;
				CLANG_WARN_OBJC_LITERAL_CONVERSION = YES;
				CLANG_WARN_OBJC_ROOT_CLASS = YES_ERROR;
				CLANG_WARN_QUOTED_INCLUDE_IN_FRAMEWORK_HEADER = YES;
				CLANG_WARN_RANGE_LOOP_ANALYSIS = YES;
				CLANG_WARN_STRICT_PROTOTYPES = YES;
				CLANG_WARN_SUSPICIOUS_MOVE = YES;
				CLANG_WARN_UNGUARDED_AVAILABILITY = YES_AGGRESSIVE;
				CLANG_WARN_UNREACHABLE_CODE = YES;
				CLANG_WARN__DUPLICATE_METHOD_MATCH = YES;
				COPY_PHASE_STRIP = NO;
				DEBUG_INFORMATION_FORMAT = "dwarf-with-dsym";
				ENABLE_NS_ASSERTIONS = NO;
				ENABLE_STRICT_OBJC_MSGSEND = YES;
				GCC_C_LANGUAGE_STANDARD = gnu11;
				GCC_NO_COMMON_BLOCKS = YES;
				GCC_WARN_64_TO_32_BIT_CONVERSION = YES;
				GCC_WARN_ABOUT_RETURN_TYPE = YES_ERROR;
				GCC_WARN_UNDECLARED_SELECTOR = YES;
				GCC_WARN_UNINITIALIZED_AUTOS = YES_AGGRESSIVE;
				GCC_WARN_UNUSED_FUNCTION = YES;
				GCC_WARN_UNUSED_VARIABLE = YES;
				MACOSX_DEPLOYMENT_TARGET = 10.15;
				MTL_ENABLE_DEBUG_INFO = NO;
				MTL_FAST_MATH = YES;
				SDKROOT = macosx;
			};
			name = Release;
		};
		4F5EC981251D277E00EF69F0 /* Debug */ = {
			isa = XCBuildConfiguration;
			buildSettings = {
				ASSETCATALOG_COMPILER_APPICON_NAME = AppIcon;
				ASSETCATALOG_COMPILER_GLOBAL_ACCENT_COLOR_NAME = AccentColor;
				CODE_SIGN_ENTITLEMENTS = SwanUI/SwanUI.entitlements;
				CODE_SIGN_STYLE = Automatic;
				COMBINE_HIDPI_IMAGES = YES;
				DEVELOPMENT_TEAM = R2WLDRKRB6;
				ENABLE_HARDENED_RUNTIME = YES;
				INFOPLIST_FILE = SwanUI/Info.plist;
				LD_RUNPATH_SEARCH_PATHS = (
					"$(inherited)",
					"@executable_path/../Frameworks",
				);
				PRODUCT_BUNDLE_IDENTIFIER = etiamo.SwanUI;
				PRODUCT_NAME = "$(TARGET_NAME)";
			};
			name = Debug;
		};
		4F5EC982251D277E00EF69F0 /* Release */ = {
			isa = XCBuildConfiguration;
			buildSettings = {
				ASSETCATALOG_COMPILER_APPICON_NAME = AppIcon;
				ASSETCATALOG_COMPILER_GLOBAL_ACCENT_COLOR_NAME = AccentColor;
				CODE_SIGN_ENTITLEMENTS = SwanUI/SwanUI.entitlements;
				CODE_SIGN_STYLE = Automatic;
				COMBINE_HIDPI_IMAGES = YES;
				DEVELOPMENT_TEAM = R2WLDRKRB6;
				ENABLE_HARDENED_RUNTIME = YES;
				INFOPLIST_FILE = SwanUI/Info.plist;
				LD_RUNPATH_SEARCH_PATHS = (
					"$(inherited)",
					"@executable_path/../Frameworks",
				);
				PRODUCT_BUNDLE_IDENTIFIER = etiamo.SwanUI;
				PRODUCT_NAME = "$(TARGET_NAME)";
			};
			name = Release;
		};
/* End XCBuildConfiguration section */

/* Begin XCConfigurationList section */
		4F5EC96A251D277C00EF69F0 /* Build configuration list for PBXProject "SwanUI" */ = {
			isa = XCConfigurationList;
			buildConfigurations = (
				4F5EC97E251D277E00EF69F0 /* Debug */,
				4F5EC97F251D277E00EF69F0 /* Release */,
			);
			defaultConfigurationIsVisible = 0;
			defaultConfigurationName = Release;
		};
		4F5EC980251D277E00EF69F0 /* Build configuration list for PBXNativeTarget "SwanUI" */ = {
			isa = XCConfigurationList;
			buildConfigurations = (
				4F5EC981251D277E00EF69F0 /* Debug */,
				4F5EC982251D277E00EF69F0 /* Release */,
			);
			defaultConfigurationIsVisible = 0;
			defaultConfigurationName = Release;
		};
/* End XCConfigurationList section */
	};
	rootObject = 4F5EC967251D277C00EF69F0 /* Project object */;
}
